Microsoft Visual Studio Solution File, Format Version 11.00
# Visual Studio 2008

Project("{508359CD-2FD8-69F5-3862-C7FACDC21035}") = "WinStick2", "Assembly-CSharp.csproj", "{CE1406C6-2EA5-D385-F50E-EE8DEF5D44C7}"
EndProject
Global
	GlobalSection(SolutionConfigurationPlatforms) = preSolution
		Debug|Any CPU = Debug|Any CPU
		Release|Any CPU = Release|Any CPU
	EndGlobalSection
	GlobalSection(ProjectConfigurationPlatforms) = postSolution
		{CE1406C6-2EA5-D385-F50E-EE8DEF5D44C7}.Debug|Any CPU.ActiveCfg = Debug|Any CPU
		{CE1406C6-2EA5-D385-F50E-EE8DEF5D44C7}.Debug|Any CPU.Build.0 = Debug|Any CPU
		{CE1406C6-2EA5-D385-F50E-EE8DEF5D44C7}.Release|Any CPU.ActiveCfg = Release|Any CPU
		{CE1406C6-2EA5-D385-F50E-EE8DEF5D44C7}.Release|Any CPU.Build.0 = Release|Any CPU
	EndGlobalSection
	GlobalSection(SolutionProperties) = preSolution
		HideSolutionNode = FALSE
	EndGlobalSection
	GlobalSection(MonoDevelopProperties) = preSolution
		StartupItem = Assembly-CSharp.csproj
	EndGlobalSection
EndGlobal
